
Microsoft Visual Studio Solution File, Format Version 12.00
# Visual Studio Version 16
VisualStudioVersion = 16.0.29025.244
MinimumVisualStudioVersion = 10.0.40219.1
Project("{8BC9CEB8-8B4A-11D0-8D11-00A0C91BC942}") = "topoSort", "topoSort\topoSort.vcxproj", "{5CD1501A-2A98-4C8C-89B6-4A407BBFCACD}"
EndProject
Global
	GlobalSection(SolutionConfigurationPlatforms) = preSolution
		Debug|x64 = Debug|x64
		Debug|x86 = Debug|x86
		Release|x64 = Release|x64
		Release|x86 = Release|x86
	EndGlobalSection
	GlobalSection(ProjectConfigurationPlatforms) = postSolution
		{5CD1501A-2A98-4C8C-89B6-4A407BBFCACD}.Debug|x64.ActiveCfg = Debug|x64
		{5CD1501A-2A98-4C8C-89B6-4A407BBFCACD}.Debug|x64.Build.0 = Debug|x64
		{5CD1501A-2A98-4C8C-89B6-4A407BBFCACD}.Debug|x86.ActiveCfg = Debug|Win32
		{5CD1501A-2A98-4C8C-89B6-4A407BBFCACD}.Debug|x86.Build.0 = Debug|Win32
		{5CD1501A-2A98-4C8C-89B6-4A407BBFCACD}.Release|x64.ActiveCfg = Release|x64
		{5CD1501A-2A98-4C8C-89B6-4A407BBFCACD}.Release|x64.Build.0 = Release|x64
		{5CD1501A-2A98-4C8C-89B6-4A407BBFCACD}.Release|x86.ActiveCfg = Release|Win32
		{5CD1501A-2A98-4C8C-89B6-4A407BBFCACD}.Release|x86.Build.0 = Release|Win32
	EndGlobalSection
	GlobalSection(SolutionProperties) = preSolution
		HideSolutionNode = FALSE
	EndGlobalSection
	GlobalSection(ExtensibilityGlobals) = postSolution
		SolutionGuid = {CF12070F-8216-455F-B41B-405D6F7D1E80}
	EndGlobalSection
EndGlobal
